
Microsoft Visual Studio Solution File, Format Version 12.00
# Visual Studio 15
VisualStudioVersion = 15.0.28010.2036
MinimumVisualStudioVersion = 10.0.40219.1
Project("{FAE04EC0-301F-11D3-BF4B-00C04F79EFBC}") = "ListsListsLists_JayStiles", "ListsListsLists_JayStiles\ListsListsLists_JayStiles.csproj", "{FCB1CF39-97DB-410F-8C1F-BF2C05E5959E}"
EndProject
Global
	GlobalSection(SolutionConfigurationPlatforms) = preSolution
		Debug|Any CPU = Debug|Any CPU
		Release|Any CPU = Release|Any CPU
	EndGlobalSection
	GlobalSection(ProjectConfigurationPlatforms) = postSolution
		{FCB1CF39-97DB-410F-8C1F-BF2C05E5959E}.Debug|Any CPU.ActiveCfg = Debug|Any CPU
		{FCB1CF39-97DB-410F-8C1F-BF2C05E5959E}.Debug|Any CPU.Build.0 = Debug|Any CPU
		{FCB1CF39-97DB-410F-8C1F-BF2C05E5959E}.Release|Any CPU.ActiveCfg = Release|Any CPU
		{FCB1CF39-97DB-410F-8C1F-BF2C05E5959E}.Release|Any CPU.Build.0 = Release|Any CPU
	EndGlobalSection
	GlobalSection(SolutionProperties) = preSolution
		HideSolutionNode = FALSE
	EndGlobalSection
	GlobalSection(ExtensibilityGlobals) = postSolution
		SolutionGuid = {D954BDEC-825A-45F0-BEEA-F6AC9716F5CD}
	EndGlobalSection
EndGlobal
